
Microsoft Visual Studio Solution File, Format Version 12.00
# Visual Studio 15
VisualStudioVersion = 15.0.28010.2048
MinimumVisualStudioVersion = 10.0.40219.1
Project("{FAE04EC0-301F-11D3-BF4B-00C04F79EFBC}") = "3.3.19 homework", "3.3.19 homework\3.3.19 homework.csproj", "{A70EFC6B-031F-458B-A6AC-1AC146A0C6DE}"
EndProject
Global
	GlobalSection(SolutionConfigurationPlatforms) = preSolution
		Debug|Any CPU = Debug|Any CPU
		Release|Any CPU = Release|Any CPU
	EndGlobalSection
	GlobalSection(ProjectConfigurationPlatforms) = postSolution
		{A70EFC6B-031F-458B-A6AC-1AC146A0C6DE}.Debug|Any CPU.ActiveCfg = Debug|Any CPU
		{A70EFC6B-031F-458B-A6AC-1AC146A0C6DE}.Debug|Any CPU.Build.0 = Debug|Any CPU
		{A70EFC6B-031F-458B-A6AC-1AC146A0C6DE}.Release|Any CPU.ActiveCfg = Release|Any CPU
		{A70EFC6B-031F-458B-A6AC-1AC146A0C6DE}.Release|Any CPU.Build.0 = Release|Any CPU
	EndGlobalSection
	GlobalSection(SolutionProperties) = preSolution
		HideSolutionNode = FALSE
	EndGlobalSection
	GlobalSection(ExtensibilityGlobals) = postSolution
		SolutionGuid = {65786F91-58DE-42D1-8736-71D0CA018557}
	EndGlobalSection
EndGlobal
